
Microsoft Visual Studio Solution File, Format Version 12.00
Project("{2150E333-8FDC-42A3-9474-1A3956D46DE8}") = "Solution Items", "Solution Items", "{FC8D24D0-FF16-40E5-9A23-97FB694CA1D7}"
	ProjectSection(SolutionItems) = preProject
		compose.yaml = compose.yaml
		prometheus.yml = prometheus.yml
		README.md = README.md
	EndProjectSection
EndProject
Project("{2150E333-8FDC-42A3-9474-1A3956D46DE8}") = "AuthService", "AuthService", "{3D2CDCC7-77CC-49CC-B0A5-93F5C8E9DFE1}"
EndProject
Project("{FAE04EC0-301F-11D3-BF4B-00C04F79EFBC}") = "Asclepius.Auth.Api", "Asclepius.Auth.Api\Asclepius.Auth.Api.csproj", "{6717C2D0-5B9B-41E9-8244-13807E72DE9B}"
EndProject
Project("{FAE04EC0-301F-11D3-BF4B-00C04F79EFBC}") = "Asclepius.Auth.Domain", "Asclepius.Auth.Domain\Asclepius.Auth.Domain.csproj", "{97F8F087-659E-4E0E-A4F7-073BA4DD795E}"
EndProject
Project("{FAE04EC0-301F-11D3-BF4B-00C04F79EFBC}") = "Asclepius.Auth.Business", "Asclepius.Auth.Business\Asclepius.Auth.Business.csproj", "{2AFF1FB0-75DD-4236-BAB4-C3523F425A6D}"
EndProject
Project("{FAE04EC0-301F-11D3-BF4B-00C04F79EFBC}") = "Asclepius.Auth.Data", "Asclepius.Auth.Data\Asclepius.Auth.Data.csproj", "{26562E64-A7B9-45F8-B643-08DCEBBF2892}"
EndProject
Project("{2150E333-8FDC-42A3-9474-1A3956D46DE8}") = "Shared", "Shared", "{B3F55B13-468D-482C-A52B-556E3981A8AD}"
EndProject
Project("{FAE04EC0-301F-11D3-BF4B-00C04F79EFBC}") = "Asclepius.DTO", "Asclepius.DTO\Asclepius.DTO.csproj", "{F5A87C37-8584-40A1-91B3-DA0147D31715}"
EndProject
Project("{2150E333-8FDC-42A3-9474-1A3956D46DE8}") = "ProfileService", "ProfileService", "{69FF023E-7210-42DF-9F5D-6182DFB23F7F}"
EndProject
Project("{FAE04EC0-301F-11D3-BF4B-00C04F79EFBC}") = "Asclepius.Profile.Domain", "Asclepius.Profile.Domain\Asclepius.Profile.Domain.csproj", "{52971B8C-D2A4-4B25-99B5-1CDD2890F1F0}"
EndProject
Project("{FAE04EC0-301F-11D3-BF4B-00C04F79EFBC}") = "Asclepius.Profile.Api", "Asclepius.Profile.Api\Asclepius.Profile.Api.csproj", "{CCAEB498-AE53-4BC4-92B7-E96DEB2602FC}"
EndProject
Project("{FAE04EC0-301F-11D3-BF4B-00C04F79EFBC}") = "Asclepius.Profile.Business", "Asclepius.Profile.Business\Asclepius.Profile.Business.csproj", "{6FE7CDC5-A327-4F03-9059-5057AC5FA97A}"
EndProject
Project("{FAE04EC0-301F-11D3-BF4B-00C04F79EFBC}") = "Asclepius.Profile.Data", "Asclepius.Profile.Data\Asclepius.Profile.Data.csproj", "{24F1B6C1-D053-49EA-9E56-BF24A2821936}"
EndProject
Project("{2150E333-8FDC-42A3-9474-1A3956D46DE8}") = "NotificationService", "NotificationService", "{4F0B27A3-317A-4942-990E-EB6BEE67B85D}"
EndProject
Project("{FAE04EC0-301F-11D3-BF4B-00C04F79EFBC}") = "Asclepius.Notification.Worker", "Asclepius.Notification.Worker\Asclepius.Notification.Worker.csproj", "{F8564B1D-8737-45A4-89C9-5A7DDCC02211}"
EndProject
Project("{FAE04EC0-301F-11D3-BF4B-00C04F79EFBC}") = "Asclepius.Notification.Domain", "Asclepius.Notification.Domain\Asclepius.Notification.Domain.csproj", "{24BBBACC-23D8-4B8A-B356-B5DB684F2B88}"
EndProject
Project("{FAE04EC0-301F-11D3-BF4B-00C04F79EFBC}") = "Asclepius.Notification.Business", "Asclepius.Notification.Business\Asclepius.Notification.Business.csproj", "{5E065F01-2344-469A-B43C-A277A8BEC329}"
EndProject
Project("{2150E333-8FDC-42A3-9474-1A3956D46DE8}") = "EMRService", "EMRService", "{493718B6-82EF-42B5-97CD-EA4659A9981B}"
EndProject
Project("{FAE04EC0-301F-11D3-BF4B-00C04F79EFBC}") = "Asclepius.EMR.Domain", "Asclepius.EMR.Domain\Asclepius.EMR.Domain.csproj", "{7E78A4D3-FC76-4B2B-86D2-44E9BC6BAC6A}"
EndProject
Project("{2150E333-8FDC-42A3-9474-1A3956D46DE8}") = "ElectronicQueueService", "ElectronicQueueService", "{920F51DD-6FA8-4477-9C30-86C43341A396}"
EndProject
Project("{FAE04EC0-301F-11D3-BF4B-00C04F79EFBC}") = "Telesfor.EQ.Domain", "Telesfor.EQ.Domain\Telesfor.EQ.Domain.csproj", "{A0F3FD05-B559-4CB5-BC10-5EB7FFFF6F25}"
EndProject
Project("{FAE04EC0-301F-11D3-BF4B-00C04F79EFBC}") = "Telesfor.EQ.Business", "Telesfor.EQ.Business\Telesfor.EQ.Business.csproj", "{FBC7CF60-3616-4A4D-85D5-CA36A0803CD3}"
EndProject
Project("{FAE04EC0-301F-11D3-BF4B-00C04F79EFBC}") = "Telesfor.EQ.Data", "Telesfor.EQ.Data\Telesfor.EQ.Data.csproj", "{C9254919-B281-4EC7-86DF-CA159B9F3C1B}"
EndProject
Project("{FAE04EC0-301F-11D3-BF4B-00C04F79EFBC}") = "Telesfor.EQ.Tests", "Telesfor.EQ.Tests\Telesfor.EQ.Tests.csproj", "{9CB61C83-55E5-4D07-B0BA-BBE733F2CBC4}"
EndProject
Project("{FAE04EC0-301F-11D3-BF4B-00C04F79EFBC}") = "Telesfor.EQ.Api", "Telesfor.EQ.Api\Telesfor.EQ.Api.csproj", "{FBD773F0-22F0-4982-842B-37E430307080}"
EndProject
Project("{FAE04EC0-301F-11D3-BF4B-00C04F79EFBC}") = "Telesfor.EMR.Business", "Telesfor.EMR.Business\Telesfor.EMR.Business.csproj", "{8A077486-C901-49BA-A560-F2D70FFD060A}"
EndProject
Project("{FAE04EC0-301F-11D3-BF4B-00C04F79EFBC}") = "Telesfor.EMR.Data", "Telesfor.EMR.Data\Telesfor.EMR.Data.csproj", "{A68042B0-F32C-433A-91F5-C8E7AC5359C0}"
EndProject
Project("{FAE04EC0-301F-11D3-BF4B-00C04F79EFBC}") = "Telesfor.EMR.Api", "Telesfor.EMR.Api\Telesfor.EMR.Api.csproj", "{7F322C87-2657-45B0-83CC-A20B1F2B177A}"
EndProject
Project("{FAE04EC0-301F-11D3-BF4B-00C04F79EFBC}") = "Telesfor.EMR.Tests", "Telesfor.EMR.Tests\Telesfor.EMR.Tests.csproj", "{805111C3-5CCD-4700-B3E3-7F478BFDDEEC}"
EndProject
Global
	GlobalSection(SolutionConfigurationPlatforms) = preSolution
		Debug|Any CPU = Debug|Any CPU
		Release|Any CPU = Release|Any CPU
	EndGlobalSection
	GlobalSection(NestedProjects) = preSolution
		{6717C2D0-5B9B-41E9-8244-13807E72DE9B} = {3D2CDCC7-77CC-49CC-B0A5-93F5C8E9DFE1}
		{97F8F087-659E-4E0E-A4F7-073BA4DD795E} = {3D2CDCC7-77CC-49CC-B0A5-93F5C8E9DFE1}
		{2AFF1FB0-75DD-4236-BAB4-C3523F425A6D} = {3D2CDCC7-77CC-49CC-B0A5-93F5C8E9DFE1}
		{26562E64-A7B9-45F8-B643-08DCEBBF2892} = {3D2CDCC7-77CC-49CC-B0A5-93F5C8E9DFE1}
		{F5A87C37-8584-40A1-91B3-DA0147D31715} = {B3F55B13-468D-482C-A52B-556E3981A8AD}
		{52971B8C-D2A4-4B25-99B5-1CDD2890F1F0} = {69FF023E-7210-42DF-9F5D-6182DFB23F7F}
		{CCAEB498-AE53-4BC4-92B7-E96DEB2602FC} = {69FF023E-7210-42DF-9F5D-6182DFB23F7F}
		{6FE7CDC5-A327-4F03-9059-5057AC5FA97A} = {69FF023E-7210-42DF-9F5D-6182DFB23F7F}
		{24F1B6C1-D053-49EA-9E56-BF24A2821936} = {69FF023E-7210-42DF-9F5D-6182DFB23F7F}
		{F8564B1D-8737-45A4-89C9-5A7DDCC02211} = {4F0B27A3-317A-4942-990E-EB6BEE67B85D}
		{24BBBACC-23D8-4B8A-B356-B5DB684F2B88} = {4F0B27A3-317A-4942-990E-EB6BEE67B85D}
		{5E065F01-2344-469A-B43C-A277A8BEC329} = {4F0B27A3-317A-4942-990E-EB6BEE67B85D}
		{7E78A4D3-FC76-4B2B-86D2-44E9BC6BAC6A} = {493718B6-82EF-42B5-97CD-EA4659A9981B}
		{A0F3FD05-B559-4CB5-BC10-5EB7FFFF6F25} = {920F51DD-6FA8-4477-9C30-86C43341A396}
		{FBC7CF60-3616-4A4D-85D5-CA36A0803CD3} = {920F51DD-6FA8-4477-9C30-86C43341A396}
		{C9254919-B281-4EC7-86DF-CA159B9F3C1B} = {920F51DD-6FA8-4477-9C30-86C43341A396}
		{9CB61C83-55E5-4D07-B0BA-BBE733F2CBC4} = {920F51DD-6FA8-4477-9C30-86C43341A396}
		{FBD773F0-22F0-4982-842B-37E430307080} = {920F51DD-6FA8-4477-9C30-86C43341A396}
		{8A077486-C901-49BA-A560-F2D70FFD060A} = {493718B6-82EF-42B5-97CD-EA4659A9981B}
		{A68042B0-F32C-433A-91F5-C8E7AC5359C0} = {493718B6-82EF-42B5-97CD-EA4659A9981B}
		{7F322C87-2657-45B0-83CC-A20B1F2B177A} = {493718B6-82EF-42B5-97CD-EA4659A9981B}
		{805111C3-5CCD-4700-B3E3-7F478BFDDEEC} = {493718B6-82EF-42B5-97CD-EA4659A9981B}
	EndGlobalSection
	GlobalSection(ProjectConfigurationPlatforms) = postSolution
		{6717C2D0-5B9B-41E9-8244-13807E72DE9B}.Debug|Any CPU.ActiveCfg = Debug|Any CPU
		{6717C2D0-5B9B-41E9-8244-13807E72DE9B}.Debug|Any CPU.Build.0 = Debug|Any CPU
		{6717C2D0-5B9B-41E9-8244-13807E72DE9B}.Release|Any CPU.ActiveCfg = Release|Any CPU
		{6717C2D0-5B9B-41E9-8244-13807E72DE9B}.Release|Any CPU.Build.0 = Release|Any CPU
		{97F8F087-659E-4E0E-A4F7-073BA4DD795E}.Debug|Any CPU.ActiveCfg = Debug|Any CPU
		{97F8F087-659E-4E0E-A4F7-073BA4DD795E}.Debug|Any CPU.Build.0 = Debug|Any CPU
		{97F8F087-659E-4E0E-A4F7-073BA4DD795E}.Release|Any CPU.ActiveCfg = Release|Any CPU
		{97F8F087-659E-4E0E-A4F7-073BA4DD795E}.Release|Any CPU.Build.0 = Release|Any CPU
		{2AFF1FB0-75DD-4236-BAB4-C3523F425A6D}.Debug|Any CPU.ActiveCfg = Debug|Any CPU
		{2AFF1FB0-75DD-4236-BAB4-C3523F425A6D}.Debug|Any CPU.Build.0 = Debug|Any CPU
		{2AFF1FB0-75DD-4236-BAB4-C3523F425A6D}.Release|Any CPU.ActiveCfg = Release|Any CPU
		{2AFF1FB0-75DD-4236-BAB4-C3523F425A6D}.Release|Any CPU.Build.0 = Release|Any CPU
		{26562E64-A7B9-45F8-B643-08DCEBBF2892}.Debug|Any CPU.ActiveCfg = Debug|Any CPU
		{26562E64-A7B9-45F8-B643-08DCEBBF2892}.Debug|Any CPU.Build.0 = Debug|Any CPU
		{26562E64-A7B9-45F8-B643-08DCEBBF2892}.Release|Any CPU.ActiveCfg = Release|Any CPU
		{26562E64-A7B9-45F8-B643-08DCEBBF2892}.Release|Any CPU.Build.0 = Release|Any CPU
		{F5A87C37-8584-40A1-91B3-DA0147D31715}.Debug|Any CPU.ActiveCfg = Debug|Any CPU
		{F5A87C37-8584-40A1-91B3-DA0147D31715}.Debug|Any CPU.Build.0 = Debug|Any CPU
		{F5A87C37-8584-40A1-91B3-DA0147D31715}.Release|Any CPU.ActiveCfg = Release|Any CPU
		{F5A87C37-8584-40A1-91B3-DA0147D31715}.Release|Any CPU.Build.0 = Release|Any CPU
		{52971B8C-D2A4-4B25-99B5-1CDD2890F1F0}.Debug|Any CPU.ActiveCfg = Debug|Any CPU
		{52971B8C-D2A4-4B25-99B5-1CDD2890F1F0}.Debug|Any CPU.Build.0 = Debug|Any CPU
		{52971B8C-D2A4-4B25-99B5-1CDD2890F1F0}.Release|Any CPU.ActiveCfg = Release|Any CPU
		{52971B8C-D2A4-4B25-99B5-1CDD2890F1F0}.Release|Any CPU.Build.0 = Release|Any CPU
		{CCAEB498-AE53-4BC4-92B7-E96DEB2602FC}.Debug|Any CPU.ActiveCfg = Debug|Any CPU
		{CCAEB498-AE53-4BC4-92B7-E96DEB2602FC}.Debug|Any CPU.Build.0 = Debug|Any CPU
		{CCAEB498-AE53-4BC4-92B7-E96DEB2602FC}.Release|Any CPU.ActiveCfg = Release|Any CPU
		{CCAEB498-AE53-4BC4-92B7-E96DEB2602FC}.Release|Any CPU.Build.0 = Release|Any CPU
		{6FE7CDC5-A327-4F03-9059-5057AC5FA97A}.Debug|Any CPU.ActiveCfg = Debug|Any CPU
		{6FE7CDC5-A327-4F03-9059-5057AC5FA97A}.Debug|Any CPU.Build.0 = Debug|Any CPU
		{6FE7CDC5-A327-4F03-9059-5057AC5FA97A}.Release|Any CPU.ActiveCfg = Release|Any CPU
		{6FE7CDC5-A327-4F03-9059-5057AC5FA97A}.Release|Any CPU.Build.0 = Release|Any CPU
		{24F1B6C1-D053-49EA-9E56-BF24A2821936}.Debug|Any CPU.ActiveCfg = Debug|Any CPU
		{24F1B6C1-D053-49EA-9E56-BF24A2821936}.Debug|Any CPU.Build.0 = Debug|Any CPU
		{24F1B6C1-D053-49EA-9E56-BF24A2821936}.Release|Any CPU.ActiveCfg = Release|Any CPU
		{24F1B6C1-D053-49EA-9E56-BF24A2821936}.Release|Any CPU.Build.0 = Release|Any CPU
		{F8564B1D-8737-45A4-89C9-5A7DDCC02211}.Debug|Any CPU.ActiveCfg = Debug|Any CPU
		{F8564B1D-8737-45A4-89C9-5A7DDCC02211}.Debug|Any CPU.Build.0 = Debug|Any CPU
		{F8564B1D-8737-45A4-89C9-5A7DDCC02211}.Release|Any CPU.ActiveCfg = Release|Any CPU
		{F8564B1D-8737-45A4-89C9-5A7DDCC02211}.Release|Any CPU.Build.0 = Release|Any CPU
		{24BBBACC-23D8-4B8A-B356-B5DB684F2B88}.Debug|Any CPU.ActiveCfg = Debug|Any CPU
		{24BBBACC-23D8-4B8A-B356-B5DB684F2B88}.Debug|Any CPU.Build.0 = Debug|Any CPU
		{24BBBACC-23D8-4B8A-B356-B5DB684F2B88}.Release|Any CPU.ActiveCfg = Release|Any CPU
		{24BBBACC-23D8-4B8A-B356-B5DB684F2B88}.Release|Any CPU.Build.0 = Release|Any CPU
		{5E065F01-2344-469A-B43C-A277A8BEC329}.Debug|Any CPU.ActiveCfg = Debug|Any CPU
		{5E065F01-2344-469A-B43C-A277A8BEC329}.Debug|Any CPU.Build.0 = Debug|Any CPU
		{5E065F01-2344-469A-B43C-A277A8BEC329}.Release|Any CPU.ActiveCfg = Release|Any CPU
		{5E065F01-2344-469A-B43C-A277A8BEC329}.Release|Any CPU.Build.0 = Release|Any CPU
		{7E78A4D3-FC76-4B2B-86D2-44E9BC6BAC6A}.Debug|Any CPU.ActiveCfg = Debug|Any CPU
		{7E78A4D3-FC76-4B2B-86D2-44E9BC6BAC6A}.Debug|Any CPU.Build.0 = Debug|Any CPU
		{7E78A4D3-FC76-4B2B-86D2-44E9BC6BAC6A}.Release|Any CPU.ActiveCfg = Release|Any CPU
		{7E78A4D3-FC76-4B2B-86D2-44E9BC6BAC6A}.Release|Any CPU.Build.0 = Release|Any CPU
		{A0F3FD05-B559-4CB5-BC10-5EB7FFFF6F25}.Debug|Any CPU.ActiveCfg = Debug|Any CPU
		{A0F3FD05-B559-4CB5-BC10-5EB7FFFF6F25}.Debug|Any CPU.Build.0 = Debug|Any CPU
		{A0F3FD05-B559-4CB5-BC10-5EB7FFFF6F25}.Release|Any CPU.ActiveCfg = Release|Any CPU
		{A0F3FD05-B559-4CB5-BC10-5EB7FFFF6F25}.Release|Any CPU.Build.0 = Release|Any CPU
		{FBC7CF60-3616-4A4D-85D5-CA36A0803CD3}.Debug|Any CPU.ActiveCfg = Debug|Any CPU
		{FBC7CF60-3616-4A4D-85D5-CA36A0803CD3}.Debug|Any CPU.Build.0 = Debug|Any CPU
		{FBC7CF60-3616-4A4D-85D5-CA36A0803CD3}.Release|Any CPU.ActiveCfg = Release|Any CPU
		{FBC7CF60-3616-4A4D-85D5-CA36A0803CD3}.Release|Any CPU.Build.0 = Release|Any CPU
		{C9254919-B281-4EC7-86DF-CA159B9F3C1B}.Debug|Any CPU.ActiveCfg = Debug|Any CPU
		{C9254919-B281-4EC7-86DF-CA159B9F3C1B}.Debug|Any CPU.Build.0 = Debug|Any CPU
		{C9254919-B281-4EC7-86DF-CA159B9F3C1B}.Release|Any CPU.ActiveCfg = Release|Any CPU
		{C9254919-B281-4EC7-86DF-CA159B9F3C1B}.Release|Any CPU.Build.0 = Release|Any CPU
		{9CB61C83-55E5-4D07-B0BA-BBE733F2CBC4}.Debug|Any CPU.ActiveCfg = Debug|Any CPU
		{9CB61C83-55E5-4D07-B0BA-BBE733F2CBC4}.Debug|Any CPU.Build.0 = Debug|Any CPU
		{9CB61C83-55E5-4D07-B0BA-BBE733F2CBC4}.Release|Any CPU.ActiveCfg = Release|Any CPU
		{9CB61C83-55E5-4D07-B0BA-BBE733F2CBC4}.Release|Any CPU.Build.0 = Release|Any CPU
		{FBD773F0-22F0-4982-842B-37E430307080}.Debug|Any CPU.ActiveCfg = Debug|Any CPU
		{FBD773F0-22F0-4982-842B-37E430307080}.Debug|Any CPU.Build.0 = Debug|Any CPU
		{FBD773F0-22F0-4982-842B-37E430307080}.Release|Any CPU.ActiveCfg = Release|Any CPU
		{FBD773F0-22F0-4982-842B-37E430307080}.Release|Any CPU.Build.0 = Release|Any CPU
		{8A077486-C901-49BA-A560-F2D70FFD060A}.Debug|Any CPU.ActiveCfg = Debug|Any CPU
		{8A077486-C901-49BA-A560-F2D70FFD060A}.Debug|Any CPU.Build.0 = Debug|Any CPU
		{8A077486-C901-49BA-A560-F2D70FFD060A}.Release|Any CPU.ActiveCfg = Release|Any CPU
		{8A077486-C901-49BA-A560-F2D70FFD060A}.Release|Any CPU.Build.0 = Release|Any CPU
		{A68042B0-F32C-433A-91F5-C8E7AC5359C0}.Debug|Any CPU.ActiveCfg = Debug|Any CPU
		{A68042B0-F32C-433A-91F5-C8E7AC5359C0}.Debug|Any CPU.Build.0 = Debug|Any CPU
		{A68042B0-F32C-433A-91F5-C8E7AC5359C0}.Release|Any CPU.ActiveCfg = Release|Any CPU
		{A68042B0-F32C-433A-91F5-C8E7AC5359C0}.Release|Any CPU.Build.0 = Release|Any CPU
		{7F322C87-2657-45B0-83CC-A20B1F2B177A}.Debug|Any CPU.ActiveCfg = Debug|Any CPU
		{7F322C87-2657-45B0-83CC-A20B1F2B177A}.Debug|Any CPU.Build.0 = Debug|Any CPU
		{7F322C87-2657-45B0-83CC-A20B1F2B177A}.Release|Any CPU.ActiveCfg = Release|Any CPU
		{7F322C87-2657-45B0-83CC-A20B1F2B177A}.Release|Any CPU.Build.0 = Release|Any CPU
		{805111C3-5CCD-4700-B3E3-7F478BFDDEEC}.Debug|Any CPU.ActiveCfg = Debug|Any CPU
		{805111C3-5CCD-4700-B3E3-7F478BFDDEEC}.Debug|Any CPU.Build.0 = Debug|Any CPU
		{805111C3-5CCD-4700-B3E3-7F478BFDDEEC}.Release|Any CPU.ActiveCfg = Release|Any CPU
		{805111C3-5CCD-4700-B3E3-7F478BFDDEEC}.Release|Any CPU.Build.0 = Release|Any CPU
	EndGlobalSection
EndGlobal
